
Microsoft Visual Studio Solution File, Format Version 12.00
# Visual Studio Version 17
VisualStudioVersion = 17.1.32407.343
MinimumVisualStudioVersion = 10.0.40219.1
Project("{FAE04EC0-301F-11D3-BF4B-00C04F79EFBC}") = "TennisKata", "TennisKata.csproj", "{E75FB1BD-BACB-4BDC-A35F-E45C8CA37EFC}"
EndProject
Global
	GlobalSection(SolutionConfigurationPlatforms) = preSolution
		Debug|Any CPU = Debug|Any CPU
		Release|Any CPU = Release|Any CPU
	EndGlobalSection
	GlobalSection(ProjectConfigurationPlatforms) = postSolution
		{E75FB1BD-BACB-4BDC-A35F-E45C8CA37EFC}.Debug|Any CPU.ActiveCfg = Debug|Any CPU
		{E75FB1BD-BACB-4BDC-A35F-E45C8CA37EFC}.Debug|Any CPU.Build.0 = Debug|Any CPU
		{E75FB1BD-BACB-4BDC-A35F-E45C8CA37EFC}.Release|Any CPU.ActiveCfg = Release|Any CPU
		{E75FB1BD-BACB-4BDC-A35F-E45C8CA37EFC}.Release|Any CPU.Build.0 = Release|Any CPU
	EndGlobalSection
	GlobalSection(SolutionProperties) = preSolution
		HideSolutionNode = FALSE
	EndGlobalSection
	GlobalSection(ExtensibilityGlobals) = postSolution
		SolutionGuid = {D1E1A075-0468-4AE8-AFB4-C3A95083540E}
	EndGlobalSection
EndGlobal
